
Microsoft Visual Studio Solution File, Format Version 12.00
# Visual Studio Version 17
VisualStudioVersion = 17.14.36127.28
MinimumVisualStudioVersion = 10.0.40219.1
Project("{FAE04EC0-301F-11D3-BF4B-00C04F79EFBC}") = "FluentWasmBug", "FluentWasmBug\FluentWasmBug.csproj", "{19E20E81-9B97-4389-9EC2-39189A59A62C}"
EndProject
Project("{2150E333-8FDC-42A3-9474-1A3956D46DE8}") = "Apps", "Apps", "{02EA681E-C7D8-13C7-8484-4AC65E1B71E8}"
EndProject
Project("{FAE04EC0-301F-11D3-BF4B-00C04F79EFBC}") = "EditDivineEq", "EditDivineEq\EditDivineEq.csproj", "{67238DAA-D43C-4DBE-BF2C-DD0327D2CA42}"
EndProject
Global
	GlobalSection(SolutionConfigurationPlatforms) = preSolution
		Debug|Any CPU = Debug|Any CPU
		Release|Any CPU = Release|Any CPU
	EndGlobalSection
	GlobalSection(ProjectConfigurationPlatforms) = postSolution
		{19E20E81-9B97-4389-9EC2-39189A59A62C}.Debug|Any CPU.ActiveCfg = Debug|Any CPU
		{19E20E81-9B97-4389-9EC2-39189A59A62C}.Debug|Any CPU.Build.0 = Debug|Any CPU
		{19E20E81-9B97-4389-9EC2-39189A59A62C}.Release|Any CPU.ActiveCfg = Release|Any CPU
		{19E20E81-9B97-4389-9EC2-39189A59A62C}.Release|Any CPU.Build.0 = Release|Any CPU
		{67238DAA-D43C-4DBE-BF2C-DD0327D2CA42}.Debug|Any CPU.ActiveCfg = Debug|Any CPU
		{67238DAA-D43C-4DBE-BF2C-DD0327D2CA42}.Debug|Any CPU.Build.0 = Debug|Any CPU
		{67238DAA-D43C-4DBE-BF2C-DD0327D2CA42}.Release|Any CPU.ActiveCfg = Release|Any CPU
		{67238DAA-D43C-4DBE-BF2C-DD0327D2CA42}.Release|Any CPU.Build.0 = Release|Any CPU
	EndGlobalSection
	GlobalSection(SolutionProperties) = preSolution
		HideSolutionNode = FALSE
	EndGlobalSection
	GlobalSection(NestedProjects) = preSolution
		{67238DAA-D43C-4DBE-BF2C-DD0327D2CA42} = {02EA681E-C7D8-13C7-8484-4AC65E1B71E8}
	EndGlobalSection
	GlobalSection(ExtensibilityGlobals) = postSolution
		SolutionGuid = {FCD007CC-BE52-414A-A5AE-C37A03C31606}
	EndGlobalSection
EndGlobal
